{
  "name": "devoxx",
  "lockfileVersion": 2,
  "requires": true,
  "packages": {
    "": {
      "dependencies": {
        "marked": "^4.1.1",
        "zod": "^3.19.1"
      },
      "devDependencies": {
        "prettier": "^2.7.1"
      }
    },
    "node_modules/marked": {
      "version": "4.1.1",
      "resolved": "https://registry.npmjs.org/marked/-/marked-4.1.1.tgz",
      "integrity": "sha512-0cNMnTcUJPxbA6uWmCmjWz4NJRe/0Xfk2NhXCUHjew9qJzFN20krFnsUe7QynwqOwa5m1fZ4UDg0ycKFVC0ccw==",
      "bin": {
        "marked": "bin/marked.js"
      },
      "engines": {
        "node": ">= 12"
      }
    },
    "node_modules/prettier": {
      "version": "2.7.1",
      "resolved": "https://registry.npmjs.org/prettier/-/prettier-2.7.1.tgz",
      "integrity": "sha512-ujppO+MkdPqoVINuDFDRLClm7D78qbDt0/NR+wp5FqEZOoTNAjPHWj17QRhu7geIHJfcNhRk1XVQmF8Bp3ye+g==",
      "dev": true,
      "license": "MIT",
      "bin": {
        "prettier": "bin-prettier.js"
      },
      "engines": {
        "node": ">=10.13.0"
      },
      "funding": {
        "url": "https://github.com/prettier/prettier?sponsor=1"
      }
    },
    "node_modules/zod": {
      "version": "3.19.1",
      "resolved": "https://registry.npmjs.org/zod/-/zod-3.19.1.tgz",
      "integrity": "sha512-LYjZsEDhCdYET9ikFu6dVPGp2YH9DegXjdJToSzD9rO6fy4qiRYFoyEYwps88OseJlPyl2NOe2iJuhEhL7IpEA==",
      "funding": {
        "url": "https://github.com/sponsors/colinhacks"
      }
    }
  },
  "dependencies": {
    "marked": {
      "version": "4.1.1",
      "resolved": "https://registry.npmjs.org/marked/-/marked-4.1.1.tgz",
      "integrity": "sha512-0cNMnTcUJPxbA6uWmCmjWz4NJRe/0Xfk2NhXCUHjew9qJzFN20krFnsUe7QynwqOwa5m1fZ4UDg0ycKFVC0ccw=="
    },
    "prettier": {
      "version": "2.7.1",
      "resolved": "https://registry.npmjs.org/prettier/-/prettier-2.7.1.tgz",
      "integrity": "sha512-ujppO+MkdPqoVINuDFDRLClm7D78qbDt0/NR+wp5FqEZOoTNAjPHWj17QRhu7geIHJfcNhRk1XVQmF8Bp3ye+g==",
      "dev": true
    },
    "zod": {
      "version": "3.19.1",
      "resolved": "https://registry.npmjs.org/zod/-/zod-3.19.1.tgz",
      "integrity": "sha512-LYjZsEDhCdYET9ikFu6dVPGp2YH9DegXjdJToSzD9rO6fy4qiRYFoyEYwps88OseJlPyl2NOe2iJuhEhL7IpEA=="
    }
  }
}
